
Microsoft Visual Studio Solution File, Format Version 12.00
# Visual Studio 15
VisualStudioVersion = 15.0.27703.2047
MinimumVisualStudioVersion = 10.0.40219.1
Project("{FAE04EC0-301F-11D3-BF4B-00C04F79EFBC}") = "misc", "misc\misc.csproj", "{72B0BC9B-3FBB-4F80-80C8-C0438222F656}"
EndProject
Global
	GlobalSection(SolutionConfigurationPlatforms) = preSolution
		Debug|Any CPU = Debug|Any CPU
		Release|Any CPU = Release|Any CPU
	EndGlobalSection
	GlobalSection(ProjectConfigurationPlatforms) = postSolution
		{72B0BC9B-3FBB-4F80-80C8-C0438222F656}.Debug|Any CPU.ActiveCfg = Debug|Any CPU
		{72B0BC9B-3FBB-4F80-80C8-C0438222F656}.Debug|Any CPU.Build.0 = Debug|Any CPU
		{72B0BC9B-3FBB-4F80-80C8-C0438222F656}.Release|Any CPU.ActiveCfg = Release|Any CPU
		{72B0BC9B-3FBB-4F80-80C8-C0438222F656}.Release|Any CPU.Build.0 = Release|Any CPU
	EndGlobalSection
	GlobalSection(SolutionProperties) = preSolution
		HideSolutionNode = FALSE
	EndGlobalSection
	GlobalSection(ExtensibilityGlobals) = postSolution
		SolutionGuid = {E769566D-5C95-4AE2-9237-B5C2FB3B4AD2}
	EndGlobalSection
EndGlobal
