
Microsoft Visual Studio Solution File, Format Version 12.00
# Visual Studio 15
VisualStudioVersion = 15.0.27703.2047
MinimumVisualStudioVersion = 10.0.40219.1
Project("{FAE04EC0-301F-11D3-BF4B-00C04F79EFBC}") = "structApp", "structApp\structApp.csproj", "{C882D6D6-805D-4058-8074-72A73107B57A}"
EndProject
Global
	GlobalSection(SolutionConfigurationPlatforms) = preSolution
		Debug|Any CPU = Debug|Any CPU
		Release|Any CPU = Release|Any CPU
	EndGlobalSection
	GlobalSection(ProjectConfigurationPlatforms) = postSolution
		{C882D6D6-805D-4058-8074-72A73107B57A}.Debug|Any CPU.ActiveCfg = Debug|Any CPU
		{C882D6D6-805D-4058-8074-72A73107B57A}.Debug|Any CPU.Build.0 = Debug|Any CPU
		{C882D6D6-805D-4058-8074-72A73107B57A}.Release|Any CPU.ActiveCfg = Release|Any CPU
		{C882D6D6-805D-4058-8074-72A73107B57A}.Release|Any CPU.Build.0 = Release|Any CPU
	EndGlobalSection
	GlobalSection(SolutionProperties) = preSolution
		HideSolutionNode = FALSE
	EndGlobalSection
	GlobalSection(ExtensibilityGlobals) = postSolution
		SolutionGuid = {CC8196DD-FAD8-4F9E-B620-837542486C9C}
	EndGlobalSection
EndGlobal
