
Microsoft Visual Studio Solution File, Format Version 12.00
# Visual Studio 15
VisualStudioVersion = 15.0.28306.52
MinimumVisualStudioVersion = 10.0.40219.1
Project("{FAE04EC0-301F-11D3-BF4B-00C04F79EFBC}") = "SaveTextWriter", "SaveTextWriter\SaveTextWriter.csproj", "{4455B40C-9F64-408E-B7B3-C75C4BA8CEB0}"
EndProject
Global
	GlobalSection(SolutionConfigurationPlatforms) = preSolution
		Debug|Any CPU = Debug|Any CPU
		Release|Any CPU = Release|Any CPU
	EndGlobalSection
	GlobalSection(ProjectConfigurationPlatforms) = postSolution
		{4455B40C-9F64-408E-B7B3-C75C4BA8CEB0}.Debug|Any CPU.ActiveCfg = Debug|Any CPU
		{4455B40C-9F64-408E-B7B3-C75C4BA8CEB0}.Debug|Any CPU.Build.0 = Debug|Any CPU
		{4455B40C-9F64-408E-B7B3-C75C4BA8CEB0}.Release|Any CPU.ActiveCfg = Release|Any CPU
		{4455B40C-9F64-408E-B7B3-C75C4BA8CEB0}.Release|Any CPU.Build.0 = Release|Any CPU
	EndGlobalSection
	GlobalSection(SolutionProperties) = preSolution
		HideSolutionNode = FALSE
	EndGlobalSection
	GlobalSection(ExtensibilityGlobals) = postSolution
		SolutionGuid = {22A08EBB-D06F-45DD-9E14-61432BB86AB5}
	EndGlobalSection
EndGlobal
