
Microsoft Visual Studio Solution File, Format Version 12.00
# Visual Studio 15
VisualStudioVersion = 15.0.28010.2036
MinimumVisualStudioVersion = 10.0.40219.1
Project("{FAE04EC0-301F-11D3-BF4B-00C04F79EFBC}") = "ReflectionApp", "ReflectionApp\ReflectionApp.csproj", "{6D7503F9-D363-4CE6-958A-8E180CD49464}"
EndProject
Global
	GlobalSection(SolutionConfigurationPlatforms) = preSolution
		Debug|Any CPU = Debug|Any CPU
		Release|Any CPU = Release|Any CPU
	EndGlobalSection
	GlobalSection(ProjectConfigurationPlatforms) = postSolution
		{6D7503F9-D363-4CE6-958A-8E180CD49464}.Debug|Any CPU.ActiveCfg = Debug|Any CPU
		{6D7503F9-D363-4CE6-958A-8E180CD49464}.Debug|Any CPU.Build.0 = Debug|Any CPU
		{6D7503F9-D363-4CE6-958A-8E180CD49464}.Release|Any CPU.ActiveCfg = Release|Any CPU
		{6D7503F9-D363-4CE6-958A-8E180CD49464}.Release|Any CPU.Build.0 = Release|Any CPU
	EndGlobalSection
	GlobalSection(SolutionProperties) = preSolution
		HideSolutionNode = FALSE
	EndGlobalSection
	GlobalSection(ExtensibilityGlobals) = postSolution
		SolutionGuid = {31B65995-6C25-49E5-8FCE-E15AC7B9D03F}
	EndGlobalSection
EndGlobal
