
Microsoft Visual Studio Solution File, Format Version 12.00
# Visual Studio 15
VisualStudioVersion = 15.0.28306.52
MinimumVisualStudioVersion = 10.0.40219.1
Project("{FAE04EC0-301F-11D3-BF4B-00C04F79EFBC}") = "LoadHtmlFromFile", "LoadHtmlFromFile\LoadHtmlFromFile.csproj", "{CCFFC643-DD21-48F3-96EF-DA89EFC87079}"
EndProject
Global
	GlobalSection(SolutionConfigurationPlatforms) = preSolution
		Debug|Any CPU = Debug|Any CPU
		Release|Any CPU = Release|Any CPU
	EndGlobalSection
	GlobalSection(ProjectConfigurationPlatforms) = postSolution
		{CCFFC643-DD21-48F3-96EF-DA89EFC87079}.Debug|Any CPU.ActiveCfg = Debug|Any CPU
		{CCFFC643-DD21-48F3-96EF-DA89EFC87079}.Debug|Any CPU.Build.0 = Debug|Any CPU
		{CCFFC643-DD21-48F3-96EF-DA89EFC87079}.Release|Any CPU.ActiveCfg = Release|Any CPU
		{CCFFC643-DD21-48F3-96EF-DA89EFC87079}.Release|Any CPU.Build.0 = Release|Any CPU
	EndGlobalSection
	GlobalSection(SolutionProperties) = preSolution
		HideSolutionNode = FALSE
	EndGlobalSection
	GlobalSection(ExtensibilityGlobals) = postSolution
		SolutionGuid = {C43B2E58-A220-4D7A-A4CE-4722DC216682}
	EndGlobalSection
EndGlobal
