
Microsoft Visual Studio Solution File, Format Version 12.00
# Visual Studio 15
VisualStudioVersion = 15.0.28306.52
MinimumVisualStudioVersion = 10.0.40219.1
Project("{FAE04EC0-301F-11D3-BF4B-00C04F79EFBC}") = "CodeFirst", "CodeFirst\CodeFirst.csproj", "{00571188-1B61-44F7-84AB-2FC540B141CF}"
EndProject
Global
	GlobalSection(SolutionConfigurationPlatforms) = preSolution
		Debug|Any CPU = Debug|Any CPU
		Release|Any CPU = Release|Any CPU
	EndGlobalSection
	GlobalSection(ProjectConfigurationPlatforms) = postSolution
		{00571188-1B61-44F7-84AB-2FC540B141CF}.Debug|Any CPU.ActiveCfg = Debug|Any CPU
		{00571188-1B61-44F7-84AB-2FC540B141CF}.Debug|Any CPU.Build.0 = Debug|Any CPU
		{00571188-1B61-44F7-84AB-2FC540B141CF}.Release|Any CPU.ActiveCfg = Release|Any CPU
		{00571188-1B61-44F7-84AB-2FC540B141CF}.Release|Any CPU.Build.0 = Release|Any CPU
	EndGlobalSection
	GlobalSection(SolutionProperties) = preSolution
		HideSolutionNode = FALSE
	EndGlobalSection
	GlobalSection(ExtensibilityGlobals) = postSolution
		SolutionGuid = {BC858CAE-D67E-42B5-B29F-54663ADC039A}
	EndGlobalSection
EndGlobal
