
Microsoft Visual Studio Solution File, Format Version 12.00
# Visual Studio 15
VisualStudioVersion = 15.0.27703.2047
MinimumVisualStudioVersion = 10.0.40219.1
Project("{FAE04EC0-301F-11D3-BF4B-00C04F79EFBC}") = "AsyncAwaitPrg", "AsyncAwaitPrg\AsyncAwaitPrg.csproj", "{EAD20631-FE76-40A3-986C-812C0DC1E732}"
EndProject
Global
	GlobalSection(SolutionConfigurationPlatforms) = preSolution
		Debug|Any CPU = Debug|Any CPU
		Release|Any CPU = Release|Any CPU
	EndGlobalSection
	GlobalSection(ProjectConfigurationPlatforms) = postSolution
		{EAD20631-FE76-40A3-986C-812C0DC1E732}.Debug|Any CPU.ActiveCfg = Debug|Any CPU
		{EAD20631-FE76-40A3-986C-812C0DC1E732}.Debug|Any CPU.Build.0 = Debug|Any CPU
		{EAD20631-FE76-40A3-986C-812C0DC1E732}.Release|Any CPU.ActiveCfg = Release|Any CPU
		{EAD20631-FE76-40A3-986C-812C0DC1E732}.Release|Any CPU.Build.0 = Release|Any CPU
	EndGlobalSection
	GlobalSection(SolutionProperties) = preSolution
		HideSolutionNode = FALSE
	EndGlobalSection
	GlobalSection(ExtensibilityGlobals) = postSolution
		SolutionGuid = {763BA83F-ACBA-485E-9034-680B43062331}
	EndGlobalSection
EndGlobal
