
Microsoft Visual Studio Solution File, Format Version 12.00
# Visual Studio 15
VisualStudioVersion = 15.0.28010.2026
MinimumVisualStudioVersion = 10.0.40219.1
Project("{FAE04EC0-301F-11D3-BF4B-00C04F79EFBC}") = "MethApp", "MethApp\MethApp.csproj", "{607E52FC-9C0F-4896-A390-64AA7F99C962}"
EndProject
Global
	GlobalSection(SolutionConfigurationPlatforms) = preSolution
		Debug|Any CPU = Debug|Any CPU
		Release|Any CPU = Release|Any CPU
	EndGlobalSection
	GlobalSection(ProjectConfigurationPlatforms) = postSolution
		{607E52FC-9C0F-4896-A390-64AA7F99C962}.Debug|Any CPU.ActiveCfg = Debug|Any CPU
		{607E52FC-9C0F-4896-A390-64AA7F99C962}.Debug|Any CPU.Build.0 = Debug|Any CPU
		{607E52FC-9C0F-4896-A390-64AA7F99C962}.Release|Any CPU.ActiveCfg = Release|Any CPU
		{607E52FC-9C0F-4896-A390-64AA7F99C962}.Release|Any CPU.Build.0 = Release|Any CPU
	EndGlobalSection
	GlobalSection(SolutionProperties) = preSolution
		HideSolutionNode = FALSE
	EndGlobalSection
	GlobalSection(ExtensibilityGlobals) = postSolution
		SolutionGuid = {B10A4893-728F-4992-AB3E-986C86E32695}
	EndGlobalSection
EndGlobal
