
Microsoft Visual Studio Solution File, Format Version 12.00
# Visual Studio 15
VisualStudioVersion = 15.0.28010.2036
MinimumVisualStudioVersion = 10.0.40219.1
Project("{FAE04EC0-301F-11D3-BF4B-00C04F79EFBC}") = "WpfInotifyPropert", "WpfInotifyPropert\WpfInotifyPropert.csproj", "{0BE250BB-0FD8-4BCB-A6F8-EE6CEC2D0C70}"
EndProject
Global
	GlobalSection(SolutionConfigurationPlatforms) = preSolution
		Debug|Any CPU = Debug|Any CPU
		Release|Any CPU = Release|Any CPU
	EndGlobalSection
	GlobalSection(ProjectConfigurationPlatforms) = postSolution
		{0BE250BB-0FD8-4BCB-A6F8-EE6CEC2D0C70}.Debug|Any CPU.ActiveCfg = Debug|Any CPU
		{0BE250BB-0FD8-4BCB-A6F8-EE6CEC2D0C70}.Debug|Any CPU.Build.0 = Debug|Any CPU
		{0BE250BB-0FD8-4BCB-A6F8-EE6CEC2D0C70}.Release|Any CPU.ActiveCfg = Release|Any CPU
		{0BE250BB-0FD8-4BCB-A6F8-EE6CEC2D0C70}.Release|Any CPU.Build.0 = Release|Any CPU
	EndGlobalSection
	GlobalSection(SolutionProperties) = preSolution
		HideSolutionNode = FALSE
	EndGlobalSection
	GlobalSection(ExtensibilityGlobals) = postSolution
		SolutionGuid = {958BC4D6-B1F4-438E-9293-FA1CBF27228F}
	EndGlobalSection
EndGlobal
