
Microsoft Visual Studio Solution File, Format Version 12.00
# Visual Studio 15
VisualStudioVersion = 15.0.28306.52
MinimumVisualStudioVersion = 10.0.40219.1
Project("{FAE04EC0-301F-11D3-BF4B-00C04F79EFBC}") = "SelectNode", "SelectNode\SelectNode.csproj", "{221C4113-D675-4198-B97E-7D8E083AC522}"
EndProject
Global
	GlobalSection(SolutionConfigurationPlatforms) = preSolution
		Debug|Any CPU = Debug|Any CPU
		Release|Any CPU = Release|Any CPU
	EndGlobalSection
	GlobalSection(ProjectConfigurationPlatforms) = postSolution
		{221C4113-D675-4198-B97E-7D8E083AC522}.Debug|Any CPU.ActiveCfg = Debug|Any CPU
		{221C4113-D675-4198-B97E-7D8E083AC522}.Debug|Any CPU.Build.0 = Debug|Any CPU
		{221C4113-D675-4198-B97E-7D8E083AC522}.Release|Any CPU.ActiveCfg = Release|Any CPU
		{221C4113-D675-4198-B97E-7D8E083AC522}.Release|Any CPU.Build.0 = Release|Any CPU
	EndGlobalSection
	GlobalSection(SolutionProperties) = preSolution
		HideSolutionNode = FALSE
	EndGlobalSection
	GlobalSection(ExtensibilityGlobals) = postSolution
		SolutionGuid = {D2D6FDA9-4BBE-442A-9012-64C3CDDC2FB2}
	EndGlobalSection
EndGlobal
