
Microsoft Visual Studio Solution File, Format Version 12.00
# Visual Studio 15
VisualStudioVersion = 15.0.28010.2026
MinimumVisualStudioVersion = 10.0.40219.1
Project("{FAE04EC0-301F-11D3-BF4B-00C04F79EFBC}") = "SignalRWebApp", "SignalRWebApp\SignalRWebApp.csproj", "{9FBA1413-DC67-4148-A126-02F278A5ACF2}"
EndProject
Global
	GlobalSection(SolutionConfigurationPlatforms) = preSolution
		Debug|Any CPU = Debug|Any CPU
		Release|Any CPU = Release|Any CPU
	EndGlobalSection
	GlobalSection(ProjectConfigurationPlatforms) = postSolution
		{9FBA1413-DC67-4148-A126-02F278A5ACF2}.Debug|Any CPU.ActiveCfg = Debug|Any CPU
		{9FBA1413-DC67-4148-A126-02F278A5ACF2}.Debug|Any CPU.Build.0 = Debug|Any CPU
		{9FBA1413-DC67-4148-A126-02F278A5ACF2}.Release|Any CPU.ActiveCfg = Release|Any CPU
		{9FBA1413-DC67-4148-A126-02F278A5ACF2}.Release|Any CPU.Build.0 = Release|Any CPU
	EndGlobalSection
	GlobalSection(SolutionProperties) = preSolution
		HideSolutionNode = FALSE
	EndGlobalSection
	GlobalSection(ExtensibilityGlobals) = postSolution
		SolutionGuid = {0F1C69DF-A900-4B4B-8FD5-28BE0B74ED81}
	EndGlobalSection
EndGlobal
