
Microsoft Visual Studio Solution File, Format Version 12.00
# Visual Studio 15
VisualStudioVersion = 15.0.27703.2047
MinimumVisualStudioVersion = 10.0.40219.1
Project("{FAE04EC0-301F-11D3-BF4B-00C04F79EFBC}") = "Inherit", "Inherit\Inherit.csproj", "{885D8620-D3CD-40CB-85E7-17E5D6C4A2FE}"
EndProject
Global
	GlobalSection(SolutionConfigurationPlatforms) = preSolution
		Debug|Any CPU = Debug|Any CPU
		Release|Any CPU = Release|Any CPU
	EndGlobalSection
	GlobalSection(ProjectConfigurationPlatforms) = postSolution
		{885D8620-D3CD-40CB-85E7-17E5D6C4A2FE}.Debug|Any CPU.ActiveCfg = Debug|Any CPU
		{885D8620-D3CD-40CB-85E7-17E5D6C4A2FE}.Debug|Any CPU.Build.0 = Debug|Any CPU
		{885D8620-D3CD-40CB-85E7-17E5D6C4A2FE}.Release|Any CPU.ActiveCfg = Release|Any CPU
		{885D8620-D3CD-40CB-85E7-17E5D6C4A2FE}.Release|Any CPU.Build.0 = Release|Any CPU
	EndGlobalSection
	GlobalSection(SolutionProperties) = preSolution
		HideSolutionNode = FALSE
	EndGlobalSection
	GlobalSection(ExtensibilityGlobals) = postSolution
		SolutionGuid = {DDE6DC65-21AF-4CBF-BF1F-6ED8056DBD2A}
	EndGlobalSection
EndGlobal
