
Microsoft Visual Studio Solution File, Format Version 12.00
# Visual Studio 15
VisualStudioVersion = 15.0.28010.2036
MinimumVisualStudioVersion = 10.0.40219.1
Project("{FAE04EC0-301F-11D3-BF4B-00C04F79EFBC}") = "UnitTestProjectExample", "UnitTestProjectExample\UnitTestProjectExample.csproj", "{0C25B90F-B43E-434C-8A4E-1AA1FA880430}"
EndProject
Project("{FAE04EC0-301F-11D3-BF4B-00C04F79EFBC}") = "CalculateUnitTestProject", "CalculateUnitTestProject\CalculateUnitTestProject.csproj", "{CC272E29-94DF-4024-B165-DB6B5F463D7B}"
EndProject
Global
	GlobalSection(SolutionConfigurationPlatforms) = preSolution
		Debug|Any CPU = Debug|Any CPU
		Release|Any CPU = Release|Any CPU
	EndGlobalSection
	GlobalSection(ProjectConfigurationPlatforms) = postSolution
		{0C25B90F-B43E-434C-8A4E-1AA1FA880430}.Debug|Any CPU.ActiveCfg = Debug|Any CPU
		{0C25B90F-B43E-434C-8A4E-1AA1FA880430}.Debug|Any CPU.Build.0 = Debug|Any CPU
		{0C25B90F-B43E-434C-8A4E-1AA1FA880430}.Release|Any CPU.ActiveCfg = Release|Any CPU
		{0C25B90F-B43E-434C-8A4E-1AA1FA880430}.Release|Any CPU.Build.0 = Release|Any CPU
		{CC272E29-94DF-4024-B165-DB6B5F463D7B}.Debug|Any CPU.ActiveCfg = Debug|Any CPU
		{CC272E29-94DF-4024-B165-DB6B5F463D7B}.Debug|Any CPU.Build.0 = Debug|Any CPU
		{CC272E29-94DF-4024-B165-DB6B5F463D7B}.Release|Any CPU.ActiveCfg = Release|Any CPU
		{CC272E29-94DF-4024-B165-DB6B5F463D7B}.Release|Any CPU.Build.0 = Release|Any CPU
	EndGlobalSection
	GlobalSection(SolutionProperties) = preSolution
		HideSolutionNode = FALSE
	EndGlobalSection
	GlobalSection(ExtensibilityGlobals) = postSolution
		SolutionGuid = {F2FAFA20-0747-41A0-952F-9B1D685F6485}
	EndGlobalSection
EndGlobal
