
Microsoft Visual Studio Solution File, Format Version 12.00
# Visual Studio 15
VisualStudioVersion = 15.0.27703.2047
MinimumVisualStudioVersion = 10.0.40219.1
Project("{FAE04EC0-301F-11D3-BF4B-00C04F79EFBC}") = "WebAppDNF", "WebAppDNF\WebAppDNF.csproj", "{1D22AF0C-C005-4970-9099-8FB6917BF713}"
EndProject
Global
	GlobalSection(SolutionConfigurationPlatforms) = preSolution
		Debug|Any CPU = Debug|Any CPU
		Release|Any CPU = Release|Any CPU
	EndGlobalSection
	GlobalSection(ProjectConfigurationPlatforms) = postSolution
		{1D22AF0C-C005-4970-9099-8FB6917BF713}.Debug|Any CPU.ActiveCfg = Debug|Any CPU
		{1D22AF0C-C005-4970-9099-8FB6917BF713}.Debug|Any CPU.Build.0 = Debug|Any CPU
		{1D22AF0C-C005-4970-9099-8FB6917BF713}.Release|Any CPU.ActiveCfg = Release|Any CPU
		{1D22AF0C-C005-4970-9099-8FB6917BF713}.Release|Any CPU.Build.0 = Release|Any CPU
	EndGlobalSection
	GlobalSection(SolutionProperties) = preSolution
		HideSolutionNode = FALSE
	EndGlobalSection
	GlobalSection(ExtensibilityGlobals) = postSolution
		SolutionGuid = {6C6887CB-6E16-4E2F-AF87-D7118A21BA00}
	EndGlobalSection
EndGlobal
