
Microsoft Visual Studio Solution File, Format Version 12.00
# Visual Studio 15
VisualStudioVersion = 15.0.28010.2036
MinimumVisualStudioVersion = 10.0.40219.1
Project("{FAE04EC0-301F-11D3-BF4B-00C04F79EFBC}") = "AssesMod", "AssesMod\AssesMod.csproj", "{508C938D-1604-455A-B4CA-9A28EBD2DEEE}"
EndProject
Project("{FAE04EC0-301F-11D3-BF4B-00C04F79EFBC}") = "AssemblyOne", "AssemblyOne\AssemblyOne.csproj", "{5C134787-A51E-486E-9815-756B01D02B0B}"
EndProject
Project("{FAE04EC0-301F-11D3-BF4B-00C04F79EFBC}") = "AssemblyTwo", "AssemblyTwo\AssemblyTwo.csproj", "{B5CED18A-D37C-42AD-AE23-917AF61EFAA4}"
EndProject
Global
	GlobalSection(SolutionConfigurationPlatforms) = preSolution
		Debug|Any CPU = Debug|Any CPU
		Release|Any CPU = Release|Any CPU
	EndGlobalSection
	GlobalSection(ProjectConfigurationPlatforms) = postSolution
		{508C938D-1604-455A-B4CA-9A28EBD2DEEE}.Debug|Any CPU.ActiveCfg = Debug|Any CPU
		{508C938D-1604-455A-B4CA-9A28EBD2DEEE}.Debug|Any CPU.Build.0 = Debug|Any CPU
		{508C938D-1604-455A-B4CA-9A28EBD2DEEE}.Release|Any CPU.ActiveCfg = Release|Any CPU
		{508C938D-1604-455A-B4CA-9A28EBD2DEEE}.Release|Any CPU.Build.0 = Release|Any CPU
		{5C134787-A51E-486E-9815-756B01D02B0B}.Debug|Any CPU.ActiveCfg = Debug|Any CPU
		{5C134787-A51E-486E-9815-756B01D02B0B}.Debug|Any CPU.Build.0 = Debug|Any CPU
		{5C134787-A51E-486E-9815-756B01D02B0B}.Release|Any CPU.ActiveCfg = Release|Any CPU
		{5C134787-A51E-486E-9815-756B01D02B0B}.Release|Any CPU.Build.0 = Release|Any CPU
		{B5CED18A-D37C-42AD-AE23-917AF61EFAA4}.Debug|Any CPU.ActiveCfg = Debug|Any CPU
		{B5CED18A-D37C-42AD-AE23-917AF61EFAA4}.Debug|Any CPU.Build.0 = Debug|Any CPU
		{B5CED18A-D37C-42AD-AE23-917AF61EFAA4}.Release|Any CPU.ActiveCfg = Release|Any CPU
		{B5CED18A-D37C-42AD-AE23-917AF61EFAA4}.Release|Any CPU.Build.0 = Release|Any CPU
	EndGlobalSection
	GlobalSection(SolutionProperties) = preSolution
		HideSolutionNode = FALSE
	EndGlobalSection
	GlobalSection(ExtensibilityGlobals) = postSolution
		SolutionGuid = {F8171243-C820-421B-8A61-FD387834C0B5}
	EndGlobalSection
EndGlobal
