
Microsoft Visual Studio Solution File, Format Version 12.00
# Visual Studio 15
VisualStudioVersion = 15.0.28010.2036
MinimumVisualStudioVersion = 10.0.40219.1
Project("{FAE04EC0-301F-11D3-BF4B-00C04F79EFBC}") = "CalculatorUnitTest", "CalculatorUnitTest.csproj", "{CED3DC34-1E7C-4227-B735-C63F64B24CCD}"
EndProject
Global
	GlobalSection(SolutionConfigurationPlatforms) = preSolution
		Debug|ARM = Debug|ARM
		Debug|x64 = Debug|x64
		Debug|x86 = Debug|x86
		Release|ARM = Release|ARM
		Release|x64 = Release|x64
		Release|x86 = Release|x86
	EndGlobalSection
	GlobalSection(ProjectConfigurationPlatforms) = postSolution
		{CED3DC34-1E7C-4227-B735-C63F64B24CCD}.Debug|ARM.ActiveCfg = Debug|ARM
		{CED3DC34-1E7C-4227-B735-C63F64B24CCD}.Debug|ARM.Build.0 = Debug|ARM
		{CED3DC34-1E7C-4227-B735-C63F64B24CCD}.Debug|ARM.Deploy.0 = Debug|ARM
		{CED3DC34-1E7C-4227-B735-C63F64B24CCD}.Debug|x64.ActiveCfg = Debug|x64
		{CED3DC34-1E7C-4227-B735-C63F64B24CCD}.Debug|x64.Build.0 = Debug|x64
		{CED3DC34-1E7C-4227-B735-C63F64B24CCD}.Debug|x64.Deploy.0 = Debug|x64
		{CED3DC34-1E7C-4227-B735-C63F64B24CCD}.Debug|x86.ActiveCfg = Debug|x86
		{CED3DC34-1E7C-4227-B735-C63F64B24CCD}.Debug|x86.Build.0 = Debug|x86
		{CED3DC34-1E7C-4227-B735-C63F64B24CCD}.Debug|x86.Deploy.0 = Debug|x86
		{CED3DC34-1E7C-4227-B735-C63F64B24CCD}.Release|ARM.ActiveCfg = Release|ARM
		{CED3DC34-1E7C-4227-B735-C63F64B24CCD}.Release|ARM.Build.0 = Release|ARM
		{CED3DC34-1E7C-4227-B735-C63F64B24CCD}.Release|ARM.Deploy.0 = Release|ARM
		{CED3DC34-1E7C-4227-B735-C63F64B24CCD}.Release|x64.ActiveCfg = Release|x64
		{CED3DC34-1E7C-4227-B735-C63F64B24CCD}.Release|x64.Build.0 = Release|x64
		{CED3DC34-1E7C-4227-B735-C63F64B24CCD}.Release|x64.Deploy.0 = Release|x64
		{CED3DC34-1E7C-4227-B735-C63F64B24CCD}.Release|x86.ActiveCfg = Release|x86
		{CED3DC34-1E7C-4227-B735-C63F64B24CCD}.Release|x86.Build.0 = Release|x86
		{CED3DC34-1E7C-4227-B735-C63F64B24CCD}.Release|x86.Deploy.0 = Release|x86
	EndGlobalSection
	GlobalSection(SolutionProperties) = preSolution
		HideSolutionNode = FALSE
	EndGlobalSection
	GlobalSection(ExtensibilityGlobals) = postSolution
		SolutionGuid = {A8A373CD-208E-4C7F-A1F1-74687A047C94}
	EndGlobalSection
EndGlobal
