
Microsoft Visual Studio Solution File, Format Version 12.00
# Visual Studio 15
VisualStudioVersion = 15.0.28010.2026
MinimumVisualStudioVersion = 10.0.40219.1
Project("{FAE04EC0-301F-11D3-BF4B-00C04F79EFBC}") = "MultClassInheritance", "MultClassInheritance\MultClassInheritance.csproj", "{B9616EC8-8A75-4FC4-8D3C-4FA52E6AB4DA}"
EndProject
Global
	GlobalSection(SolutionConfigurationPlatforms) = preSolution
		Debug|Any CPU = Debug|Any CPU
		Release|Any CPU = Release|Any CPU
	EndGlobalSection
	GlobalSection(ProjectConfigurationPlatforms) = postSolution
		{B9616EC8-8A75-4FC4-8D3C-4FA52E6AB4DA}.Debug|Any CPU.ActiveCfg = Debug|Any CPU
		{B9616EC8-8A75-4FC4-8D3C-4FA52E6AB4DA}.Debug|Any CPU.Build.0 = Debug|Any CPU
		{B9616EC8-8A75-4FC4-8D3C-4FA52E6AB4DA}.Release|Any CPU.ActiveCfg = Release|Any CPU
		{B9616EC8-8A75-4FC4-8D3C-4FA52E6AB4DA}.Release|Any CPU.Build.0 = Release|Any CPU
	EndGlobalSection
	GlobalSection(SolutionProperties) = preSolution
		HideSolutionNode = FALSE
	EndGlobalSection
	GlobalSection(ExtensibilityGlobals) = postSolution
		SolutionGuid = {BD7A4F65-83C9-417C-A87E-B052E575E9A6}
	EndGlobalSection
EndGlobal
