
Microsoft Visual Studio Solution File, Format Version 12.00
# Visual Studio 15
VisualStudioVersion = 15.0.28010.2041
MinimumVisualStudioVersion = 10.0.40219.1
Project("{FAE04EC0-301F-11D3-BF4B-00C04F79EFBC}") = "StackApp", "StackApp\StackApp.csproj", "{285DFA6A-FAA7-4C7C-BE7F-AFFDF462EAFD}"
EndProject
Global
	GlobalSection(SolutionConfigurationPlatforms) = preSolution
		Debug|Any CPU = Debug|Any CPU
		Release|Any CPU = Release|Any CPU
	EndGlobalSection
	GlobalSection(ProjectConfigurationPlatforms) = postSolution
		{285DFA6A-FAA7-4C7C-BE7F-AFFDF462EAFD}.Debug|Any CPU.ActiveCfg = Debug|Any CPU
		{285DFA6A-FAA7-4C7C-BE7F-AFFDF462EAFD}.Debug|Any CPU.Build.0 = Debug|Any CPU
		{285DFA6A-FAA7-4C7C-BE7F-AFFDF462EAFD}.Release|Any CPU.ActiveCfg = Release|Any CPU
		{285DFA6A-FAA7-4C7C-BE7F-AFFDF462EAFD}.Release|Any CPU.Build.0 = Release|Any CPU
	EndGlobalSection
	GlobalSection(SolutionProperties) = preSolution
		HideSolutionNode = FALSE
	EndGlobalSection
	GlobalSection(ExtensibilityGlobals) = postSolution
		SolutionGuid = {B99BAF6F-0FA7-4878-B8C0-F76BB5B98E85}
	EndGlobalSection
EndGlobal
