
Microsoft Visual Studio Solution File, Format Version 12.00
# Visual Studio 15
VisualStudioVersion = 15.0.27703.2047
MinimumVisualStudioVersion = 10.0.40219.1
Project("{FAE04EC0-301F-11D3-BF4B-00C04F79EFBC}") = "MathApp", "MathApp\MathApp.csproj", "{FF8B0C7C-A853-4A90-B6E2-EEBE3B25215F}"
EndProject
Global
	GlobalSection(SolutionConfigurationPlatforms) = preSolution
		Debug|Any CPU = Debug|Any CPU
		Release|Any CPU = Release|Any CPU
	EndGlobalSection
	GlobalSection(ProjectConfigurationPlatforms) = postSolution
		{FF8B0C7C-A853-4A90-B6E2-EEBE3B25215F}.Debug|Any CPU.ActiveCfg = Debug|Any CPU
		{FF8B0C7C-A853-4A90-B6E2-EEBE3B25215F}.Debug|Any CPU.Build.0 = Debug|Any CPU
		{FF8B0C7C-A853-4A90-B6E2-EEBE3B25215F}.Release|Any CPU.ActiveCfg = Release|Any CPU
		{FF8B0C7C-A853-4A90-B6E2-EEBE3B25215F}.Release|Any CPU.Build.0 = Release|Any CPU
	EndGlobalSection
	GlobalSection(SolutionProperties) = preSolution
		HideSolutionNode = FALSE
	EndGlobalSection
	GlobalSection(ExtensibilityGlobals) = postSolution
		SolutionGuid = {F60C890B-1FB9-4EB8-BDE6-29F07051E1B0}
	EndGlobalSection
EndGlobal
