
Microsoft Visual Studio Solution File, Format Version 12.00
# Visual Studio 15
VisualStudioVersion = 15.0.28306.52
MinimumVisualStudioVersion = 10.0.40219.1
Project("{FAE04EC0-301F-11D3-BF4B-00C04F79EFBC}") = "TicTacToeGame", "TicTacToeGame\TicTacToeGame.csproj", "{46551EFE-C5CC-4BDA-82B7-9F84D45E2EF3}"
EndProject
Global
	GlobalSection(SolutionConfigurationPlatforms) = preSolution
		Debug|Any CPU = Debug|Any CPU
		Release|Any CPU = Release|Any CPU
	EndGlobalSection
	GlobalSection(ProjectConfigurationPlatforms) = postSolution
		{46551EFE-C5CC-4BDA-82B7-9F84D45E2EF3}.Debug|Any CPU.ActiveCfg = Debug|Any CPU
		{46551EFE-C5CC-4BDA-82B7-9F84D45E2EF3}.Debug|Any CPU.Build.0 = Debug|Any CPU
		{46551EFE-C5CC-4BDA-82B7-9F84D45E2EF3}.Release|Any CPU.ActiveCfg = Release|Any CPU
		{46551EFE-C5CC-4BDA-82B7-9F84D45E2EF3}.Release|Any CPU.Build.0 = Release|Any CPU
	EndGlobalSection
	GlobalSection(SolutionProperties) = preSolution
		HideSolutionNode = FALSE
	EndGlobalSection
	GlobalSection(ExtensibilityGlobals) = postSolution
		SolutionGuid = {5728AA52-3669-485E-B9A8-3E13DA15DEDD}
	EndGlobalSection
EndGlobal
