
Microsoft Visual Studio Solution File, Format Version 12.00
# Visual Studio 15
VisualStudioVersion = 15.0.27703.2047
MinimumVisualStudioVersion = 10.0.40219.1
Project("{FAE04EC0-301F-11D3-BF4B-00C04F79EFBC}") = "apiproj", "apiproj\apiproj.csproj", "{AB4569FC-789E-4591-82C2-18FED46044E0}"
EndProject
Global
	GlobalSection(SolutionConfigurationPlatforms) = preSolution
		Debug|Any CPU = Debug|Any CPU
		Release|Any CPU = Release|Any CPU
	EndGlobalSection
	GlobalSection(ProjectConfigurationPlatforms) = postSolution
		{AB4569FC-789E-4591-82C2-18FED46044E0}.Debug|Any CPU.ActiveCfg = Debug|Any CPU
		{AB4569FC-789E-4591-82C2-18FED46044E0}.Debug|Any CPU.Build.0 = Debug|Any CPU
		{AB4569FC-789E-4591-82C2-18FED46044E0}.Release|Any CPU.ActiveCfg = Release|Any CPU
		{AB4569FC-789E-4591-82C2-18FED46044E0}.Release|Any CPU.Build.0 = Release|Any CPU
	EndGlobalSection
	GlobalSection(SolutionProperties) = preSolution
		HideSolutionNode = FALSE
	EndGlobalSection
	GlobalSection(ExtensibilityGlobals) = postSolution
		SolutionGuid = {2F9256E4-67F4-4BEE-A03B-218DA709EF9B}
	EndGlobalSection
EndGlobal
