
Microsoft Visual Studio Solution File, Format Version 12.00
# Visual Studio 15
VisualStudioVersion = 15.0.27703.2047
MinimumVisualStudioVersion = 10.0.40219.1
Project("{9A19103F-16F7-4668-BE54-9A1E7A4F7556}") = "secondapp", "secondapp.csproj", "{C0B08829-69D8-4FCA-9AF2-BD5CCBDBE818}"
EndProject
Global
	GlobalSection(SolutionConfigurationPlatforms) = preSolution
		Debug|Any CPU = Debug|Any CPU
		Release|Any CPU = Release|Any CPU
	EndGlobalSection
	GlobalSection(ProjectConfigurationPlatforms) = postSolution
		{C0B08829-69D8-4FCA-9AF2-BD5CCBDBE818}.Debug|Any CPU.ActiveCfg = Debug|Any CPU
		{C0B08829-69D8-4FCA-9AF2-BD5CCBDBE818}.Debug|Any CPU.Build.0 = Debug|Any CPU
		{C0B08829-69D8-4FCA-9AF2-BD5CCBDBE818}.Release|Any CPU.ActiveCfg = Release|Any CPU
		{C0B08829-69D8-4FCA-9AF2-BD5CCBDBE818}.Release|Any CPU.Build.0 = Release|Any CPU
	EndGlobalSection
	GlobalSection(SolutionProperties) = preSolution
		HideSolutionNode = FALSE
	EndGlobalSection
	GlobalSection(ExtensibilityGlobals) = postSolution
		SolutionGuid = {C048CDE2-4CE1-441B-96D6-9277CF8937CB}
	EndGlobalSection
EndGlobal
