
Microsoft Visual Studio Solution File, Format Version 12.00
# Visual Studio 15
VisualStudioVersion = 15.0.27703.2047
MinimumVisualStudioVersion = 10.0.40219.1
Project("{FAE04EC0-301F-11D3-BF4B-00C04F79EFBC}") = "forms", "forms\forms.csproj", "{D0038D80-14DA-4175-9E31-FB40B75A58C3}"
EndProject
Global
	GlobalSection(SolutionConfigurationPlatforms) = preSolution
		Debug|Any CPU = Debug|Any CPU
		Release|Any CPU = Release|Any CPU
	EndGlobalSection
	GlobalSection(ProjectConfigurationPlatforms) = postSolution
		{D0038D80-14DA-4175-9E31-FB40B75A58C3}.Debug|Any CPU.ActiveCfg = Debug|Any CPU
		{D0038D80-14DA-4175-9E31-FB40B75A58C3}.Debug|Any CPU.Build.0 = Debug|Any CPU
		{D0038D80-14DA-4175-9E31-FB40B75A58C3}.Release|Any CPU.ActiveCfg = Release|Any CPU
		{D0038D80-14DA-4175-9E31-FB40B75A58C3}.Release|Any CPU.Build.0 = Release|Any CPU
	EndGlobalSection
	GlobalSection(SolutionProperties) = preSolution
		HideSolutionNode = FALSE
	EndGlobalSection
	GlobalSection(ExtensibilityGlobals) = postSolution
		SolutionGuid = {D1EA4E1F-4D2B-4329-A82A-BC1BC66A8944}
	EndGlobalSection
EndGlobal
