
Microsoft Visual Studio Solution File, Format Version 12.00
# Visual Studio 15
VisualStudioVersion = 15.0.28306.52
MinimumVisualStudioVersion = 10.0.40219.1
Project("{FAE04EC0-301F-11D3-BF4B-00C04F79EFBC}") = "LoadhtmlFromWeb", "LoadhtmlFromWeb\LoadhtmlFromWeb.csproj", "{639FF796-DB16-4F77-AC3D-3AE6D7830A59}"
EndProject
Global
	GlobalSection(SolutionConfigurationPlatforms) = preSolution
		Debug|Any CPU = Debug|Any CPU
		Release|Any CPU = Release|Any CPU
	EndGlobalSection
	GlobalSection(ProjectConfigurationPlatforms) = postSolution
		{639FF796-DB16-4F77-AC3D-3AE6D7830A59}.Debug|Any CPU.ActiveCfg = Debug|Any CPU
		{639FF796-DB16-4F77-AC3D-3AE6D7830A59}.Debug|Any CPU.Build.0 = Debug|Any CPU
		{639FF796-DB16-4F77-AC3D-3AE6D7830A59}.Release|Any CPU.ActiveCfg = Release|Any CPU
		{639FF796-DB16-4F77-AC3D-3AE6D7830A59}.Release|Any CPU.Build.0 = Release|Any CPU
	EndGlobalSection
	GlobalSection(SolutionProperties) = preSolution
		HideSolutionNode = FALSE
	EndGlobalSection
	GlobalSection(ExtensibilityGlobals) = postSolution
		SolutionGuid = {91EDA82D-408E-48F0-B9C0-4E9AEC92CEC2}
	EndGlobalSection
EndGlobal
